
Microsoft Visual Studio Solution File, Format Version 12.00
# Visual Studio Version 17
VisualStudioVersion = 17.2.32616.157
MinimumVisualStudioVersion = 10.0.40219.1
Project("{FAE04EC0-301F-11D3-BF4B-00C04F79EFBC}") = "CapaDatos", "CapaDatos\CapaDatos.csproj", "{0CE022BE-4C00-4364-94B1-DE369E547B08}"
EndProject
Project("{FAE04EC0-301F-11D3-BF4B-00C04F79EFBC}") = "CapaEntidad", "CapaEntidad\CapaEntidad.csproj", "{D3559645-4DA3-4B70-BD1A-38ACF98F9718}"
EndProject
Project("{FAE04EC0-301F-11D3-BF4B-00C04F79EFBC}") = "CapaNegocio", "CapaNegocio\CapaNegocio.csproj", "{50CDA345-E357-4DAF-BA83-1494F264CAF7}"
EndProject
Project("{FAE04EC0-301F-11D3-BF4B-00C04F79EFBC}") = "CapaPresentacion", "CapaPresentacion\CapaPresentacion.csproj", "{B2DEBCA5-6F36-4CC9-B9F8-A7497F0596A6}"
EndProject
Global
	GlobalSection(SolutionConfigurationPlatforms) = preSolution
		Debug|Any CPU = Debug|Any CPU
		Release|Any CPU = Release|Any CPU
	EndGlobalSection
	GlobalSection(ProjectConfigurationPlatforms) = postSolution
		{0CE022BE-4C00-4364-94B1-DE369E547B08}.Debug|Any CPU.ActiveCfg = Debug|Any CPU
		{0CE022BE-4C00-4364-94B1-DE369E547B08}.Debug|Any CPU.Build.0 = Debug|Any CPU
		{0CE022BE-4C00-4364-94B1-DE369E547B08}.Release|Any CPU.ActiveCfg = Release|Any CPU
		{0CE022BE-4C00-4364-94B1-DE369E547B08}.Release|Any CPU.Build.0 = Release|Any CPU
		{D3559645-4DA3-4B70-BD1A-38ACF98F9718}.Debug|Any CPU.ActiveCfg = Debug|Any CPU
		{D3559645-4DA3-4B70-BD1A-38ACF98F9718}.Debug|Any CPU.Build.0 = Debug|Any CPU
		{D3559645-4DA3-4B70-BD1A-38ACF98F9718}.Release|Any CPU.ActiveCfg = Release|Any CPU
		{D3559645-4DA3-4B70-BD1A-38ACF98F9718}.Release|Any CPU.Build.0 = Release|Any CPU
		{50CDA345-E357-4DAF-BA83-1494F264CAF7}.Debug|Any CPU.ActiveCfg = Debug|Any CPU
		{50CDA345-E357-4DAF-BA83-1494F264CAF7}.Debug|Any CPU.Build.0 = Debug|Any CPU
		{50CDA345-E357-4DAF-BA83-1494F264CAF7}.Release|Any CPU.ActiveCfg = Release|Any CPU
		{50CDA345-E357-4DAF-BA83-1494F264CAF7}.Release|Any CPU.Build.0 = Release|Any CPU
		{B2DEBCA5-6F36-4CC9-B9F8-A7497F0596A6}.Debug|Any CPU.ActiveCfg = Debug|Any CPU
		{B2DEBCA5-6F36-4CC9-B9F8-A7497F0596A6}.Debug|Any CPU.Build.0 = Debug|Any CPU
		{B2DEBCA5-6F36-4CC9-B9F8-A7497F0596A6}.Release|Any CPU.ActiveCfg = Release|Any CPU
		{B2DEBCA5-6F36-4CC9-B9F8-A7497F0596A6}.Release|Any CPU.Build.0 = Release|Any CPU
	EndGlobalSection
	GlobalSection(SolutionProperties) = preSolution
		HideSolutionNode = FALSE
	EndGlobalSection
	GlobalSection(ExtensibilityGlobals) = postSolution
		SolutionGuid = {B177F6D9-88AD-4FE2-B0E0-6521EEB4FEA2}
	EndGlobalSection
EndGlobal
