
Microsoft Visual Studio Solution File, Format Version 12.00
# Visual Studio Version 17
VisualStudioVersion = 17.2.32616.157
MinimumVisualStudioVersion = 10.0.40219.1
Project("{FAE04EC0-301F-11D3-BF4B-00C04F79EFBC}") = "Dados", "Dados.csproj", "{F3EE42BF-BE07-4EBD-85AB-EEFB2C1954C7}"
EndProject
Global
	GlobalSection(SolutionConfigurationPlatforms) = preSolution
		Debug|Any CPU = Debug|Any CPU
		Release|Any CPU = Release|Any CPU
	EndGlobalSection
	GlobalSection(ProjectConfigurationPlatforms) = postSolution
		{F3EE42BF-BE07-4EBD-85AB-EEFB2C1954C7}.Debug|Any CPU.ActiveCfg = Debug|Any CPU
		{F3EE42BF-BE07-4EBD-85AB-EEFB2C1954C7}.Debug|Any CPU.Build.0 = Debug|Any CPU
		{F3EE42BF-BE07-4EBD-85AB-EEFB2C1954C7}.Release|Any CPU.ActiveCfg = Release|Any CPU
		{F3EE42BF-BE07-4EBD-85AB-EEFB2C1954C7}.Release|Any CPU.Build.0 = Release|Any CPU
	EndGlobalSection
	GlobalSection(SolutionProperties) = preSolution
		HideSolutionNode = FALSE
	EndGlobalSection
	GlobalSection(ExtensibilityGlobals) = postSolution
		SolutionGuid = {A8505DE8-E424-4428-A2B6-898A5B596DA4}
	EndGlobalSection
EndGlobal
